#
#    ___                   _   _      
#   / _ \                 | | (_)     
#  | |_| | __ _  ___ _ __ | |_ _  ___ 
#  |  _  |/ _` |/ _ \ '_ \| __| |/ __|
#  | | | | (_| |  __/ | | | |_| | (__ 
#  \_| |_/\__, |\___|_| |_|\__|_|\___|
#          __/ |
#  _    _ |___/ 
# | |  | |                / _| |
# | |  | | ___ _ __ _  __| |_| | _____      ____
# | |/\| |/ _ \ '__| |/ /|  _| |/ _ \ \ /\ / / ___|
# \  /\  / (_) | | | | ( | | | | (_) \ V  V /\__ \
#  \/  \/ \___/|_| |_|\_\|_| |_|\___/ \_/\_/ |___/
#
# This file was automatically generated by gh-aw. DO NOT EDIT.
#
# To update this file, edit the corresponding .md file and run:
#   gh aw compile
# Not all edits will cause changes to this file.
#
# For more information: https://github.github.com/gh-aw/introduction/overview/
#
# Collects daily performance metrics for the agent ecosystem and stores them in repo-memory
#
# Resolved workflow manifest:
#   Imports:
#     - shared/mood.md
#
# frontmatter-hash: 646580bd53fc97f9fedd2b71ac1a9cc10d11ad2c6d9baff423d9fff5c28a0efd

name: "Metrics Collector - Infrastructure Agent"
"on":
  schedule:
  - cron: "23 20 * * *"
    # Friendly format: daily (scattered)
  workflow_dispatch:

permissions: {}

concurrency:
  group: "gh-aw-${{ github.workflow }}"

run-name: "Metrics Collector - Infrastructure Agent"

jobs:
  activation:
    needs: pre_activation
    if: needs.pre_activation.outputs.activated == 'true'
    runs-on: ubuntu-slim
    permissions:
      contents: read
    outputs:
      comment_id: ""
      comment_repo: ""
    steps:
      - name: Checkout actions folder
        uses: actions/checkout@de0fac2e4500dabe0009e67214ff5f5447ce83dd # v6.0.2
        with:
          sparse-checkout: |
            actions
          persist-credentials: false
      - name: Setup Scripts
        uses: ./actions/setup
        with:
          destination: /opt/gh-aw/actions
      - name: Check workflow file timestamps
        uses: actions/github-script@ed597411d8f924073f98dfc5c65a23a2325f34cd # v8
        env:
          GH_AW_WORKFLOW_FILE: "metrics-collector.lock.yml"
        with:
          script: |
            const { setupGlobals } = require('/opt/gh-aw/actions/setup_globals.cjs');
            setupGlobals(core, github, context, exec, io);
            const { main } = require('/opt/gh-aw/actions/check_workflow_timestamp_api.cjs');
            await main();

  agent:
    needs: activation
    runs-on: ubuntu-latest
    permissions:
      actions: read
      contents: read
      discussions: read
      issues: read
      pull-requests: read
    concurrency:
      group: "gh-aw-copilot-${{ github.workflow }}"
    env:
      GH_AW_WORKFLOW_ID_SANITIZED: metricscollector
    outputs:
      checkout_pr_success: ${{ steps.checkout-pr.outputs.checkout_pr_success || 'true' }}
      model: ${{ steps.generate_aw_info.outputs.model }}
      secret_verification_result: ${{ steps.validate-secret.outputs.verification_result }}
    steps:
      - name: Checkout actions folder
        uses: actions/checkout@de0fac2e4500dabe0009e67214ff5f5447ce83dd # v6.0.2
        with:
          sparse-checkout: |
            actions
          persist-credentials: false
      - name: Setup Scripts
        uses: ./actions/setup
        with:
          destination: /opt/gh-aw/actions
      - name: Checkout repository
        uses: actions/checkout@de0fac2e4500dabe0009e67214ff5f5447ce83dd # v6.0.2
        with:
          persist-credentials: false
      - name: Setup Go for CLI build
        uses: actions/setup-go@7a3fe6cf4cb3a834922a1244abfce67bcef6a0c5 # v6.2.0
        with:
          go-version-file: go.mod
          cache: true
      - name: Build gh-aw CLI
        run: |
          echo "Building gh-aw CLI for linux/amd64..."
          mkdir -p dist
          VERSION=$(git describe --tags --always --dirty)
          CGO_ENABLED=0 GOOS=linux GOARCH=amd64 go build \
            -ldflags "-s -w -X main.version=${VERSION}" \
            -o dist/gh-aw-linux-amd64 \
            ./cmd/gh-aw
          # Copy binary to root for direct execution in user-defined steps
          cp dist/gh-aw-linux-amd64 ./gh-aw
          chmod +x ./gh-aw
          echo "✓ Built gh-aw CLI successfully"
      - name: Setup Docker Buildx
        uses: docker/setup-buildx-action@8d2750c68a42422c14e847fe6c8ac0403b4cbd6f # v3.12.0
      - name: Build gh-aw Docker image
        uses: docker/build-push-action@10e90e3645eae34f1e60eeb005ba3a3d33f178e8 # v6.19.2
        with:
          context: .
          platforms: linux/amd64
          push: false
          load: true
          tags: localhost/gh-aw:dev
          build-args: |
            BINARY=dist/gh-aw-linux-amd64
      - name: Create gh-aw temp directory
        run: bash /opt/gh-aw/actions/create_gh_aw_tmp_dir.sh
      # Repo memory git-based storage configuration from frontmatter processed below
      - name: Clone repo-memory branch (default)
        env:
          GH_TOKEN: ${{ github.token }}
          BRANCH_NAME: memory/meta-orchestrators
          TARGET_REPO: ${{ github.repository }}
          MEMORY_DIR: /tmp/gh-aw/repo-memory/default
          CREATE_ORPHAN: true
        run: bash /opt/gh-aw/actions/clone_repo_memory_branch.sh
      - name: Configure Git credentials
        env:
          REPO_NAME: ${{ github.repository }}
          SERVER_URL: ${{ github.server_url }}
        run: |
          git config --global user.email "github-actions[bot]@users.noreply.github.com"
          git config --global user.name "github-actions[bot]"
          # Re-authenticate git with GitHub token
          SERVER_URL_STRIPPED="${SERVER_URL#https://}"
          git remote set-url origin "https://x-access-token:${{ github.token }}@${SERVER_URL_STRIPPED}/${REPO_NAME}.git"
          echo "Git configured with standard GitHub Actions identity"
      - name: Checkout PR branch
        id: checkout-pr
        if: |
          github.event.pull_request
        uses: actions/github-script@ed597411d8f924073f98dfc5c65a23a2325f34cd # v8
        env:
          GH_TOKEN: ${{ secrets.GH_AW_GITHUB_MCP_SERVER_TOKEN || secrets.GH_AW_GITHUB_TOKEN || secrets.GITHUB_TOKEN }}
        with:
          github-token: ${{ secrets.GH_AW_GITHUB_MCP_SERVER_TOKEN || secrets.GH_AW_GITHUB_TOKEN || secrets.GITHUB_TOKEN }}
          script: |
            const { setupGlobals } = require('/opt/gh-aw/actions/setup_globals.cjs');
            setupGlobals(core, github, context, exec, io);
            const { main } = require('/opt/gh-aw/actions/checkout_pr_branch.cjs');
            await main();
      - name: Generate agentic run info
        id: generate_aw_info
        uses: actions/github-script@ed597411d8f924073f98dfc5c65a23a2325f34cd # v8
        with:
          script: |
            const fs = require('fs');
            
            const awInfo = {
              engine_id: "copilot",
              engine_name: "GitHub Copilot CLI",
              model: process.env.GH_AW_MODEL_AGENT_COPILOT || "",
              version: "",
              agent_version: "0.0.409",
              workflow_name: "Metrics Collector - Infrastructure Agent",
              experimental: false,
              supports_tools_allowlist: true,
              supports_http_transport: true,
              run_id: context.runId,
              run_number: context.runNumber,
              run_attempt: process.env.GITHUB_RUN_ATTEMPT,
              repository: context.repo.owner + '/' + context.repo.repo,
              ref: context.ref,
              sha: context.sha,
              actor: context.actor,
              event_name: context.eventName,
              staged: false,
              allowed_domains: ["defaults"],
              firewall_enabled: true,
              awf_version: "v0.17.0",
              awmg_version: "",
              steps: {
                firewall: "squid"
              },
              created_at: new Date().toISOString()
            };
            
            // Write to /tmp/gh-aw directory to avoid inclusion in PR
            const tmpPath = '/tmp/gh-aw/aw_info.json';
            fs.writeFileSync(tmpPath, JSON.stringify(awInfo, null, 2));
            console.log('Generated aw_info.json at:', tmpPath);
            console.log(JSON.stringify(awInfo, null, 2));
            
            // Set model as output for reuse in other steps/jobs
            core.setOutput('model', awInfo.model);
      - name: Validate COPILOT_GITHUB_TOKEN secret
        id: validate-secret
        run: /opt/gh-aw/actions/validate_multi_secret.sh COPILOT_GITHUB_TOKEN 'GitHub Copilot CLI' https://github.github.com/gh-aw/reference/engines/#github-copilot-default
        env:
          COPILOT_GITHUB_TOKEN: ${{ secrets.COPILOT_GITHUB_TOKEN }}
      - name: Install GitHub Copilot CLI
        run: /opt/gh-aw/actions/install_copilot_cli.sh 0.0.409
      - name: Install awf binary
        run: bash /opt/gh-aw/actions/install_awf_binary.sh v0.17.0
      - name: Determine automatic lockdown mode for GitHub MCP server
        id: determine-automatic-lockdown
        uses: actions/github-script@ed597411d8f924073f98dfc5c65a23a2325f34cd # v8
        env:
          GH_AW_GITHUB_TOKEN: ${{ secrets.GH_AW_GITHUB_TOKEN }}
          GH_AW_GITHUB_MCP_SERVER_TOKEN: ${{ secrets.GH_AW_GITHUB_MCP_SERVER_TOKEN }}
        with:
          script: |
            const determineAutomaticLockdown = require('/opt/gh-aw/actions/determine_automatic_lockdown.cjs');
            await determineAutomaticLockdown(github, context, core);
      - name: Download container images
        run: bash /opt/gh-aw/actions/download_docker_images.sh ghcr.io/github/gh-aw-firewall/agent:0.17.0 ghcr.io/github/gh-aw-firewall/squid:0.17.0 ghcr.io/github/gh-aw-mcpg:v0.1.4 ghcr.io/github/github-mcp-server:v0.30.3
      - name: Install gh-aw extension
        env:
          GH_TOKEN: ${{ secrets.GH_AW_GITHUB_MCP_SERVER_TOKEN || secrets.GH_AW_GITHUB_TOKEN || secrets.GITHUB_TOKEN }}
        run: |
          # Check if gh-aw extension is already installed
          if gh extension list | grep -q "github/gh-aw"; then
            echo "gh-aw extension already installed, upgrading..."
            gh extension upgrade gh-aw || true
          else
            echo "Installing gh-aw extension..."
            gh extension install github/gh-aw
          fi
          gh aw --version
          # Copy the gh-aw binary to /opt/gh-aw for MCP server containerization
          mkdir -p /opt/gh-aw
          GH_AW_BIN=$(which gh-aw 2>/dev/null || find ~/.local/share/gh/extensions/gh-aw -name 'gh-aw' -type f 2>/dev/null | head -1)
          if [ -n "$GH_AW_BIN" ] && [ -f "$GH_AW_BIN" ]; then
            cp "$GH_AW_BIN" /opt/gh-aw/gh-aw
            chmod +x /opt/gh-aw/gh-aw
            echo "Copied gh-aw binary to /opt/gh-aw/gh-aw"
          else
            echo "::error::Failed to find gh-aw binary for MCP server"
            exit 1
          fi
      - name: Start MCP gateway
        id: start-mcp-gateway
        env:
          GITHUB_MCP_LOCKDOWN: ${{ steps.determine-automatic-lockdown.outputs.lockdown == 'true' && '1' || '0' }}
          GITHUB_MCP_SERVER_TOKEN: ${{ secrets.GH_AW_GITHUB_MCP_SERVER_TOKEN || secrets.GH_AW_GITHUB_TOKEN || secrets.GITHUB_TOKEN }}
          GITHUB_TOKEN: ${{ secrets.GITHUB_TOKEN }}
        run: |
          set -eo pipefail
          mkdir -p /tmp/gh-aw/mcp-config
          
          # Export gateway environment variables for MCP config and gateway script
          export MCP_GATEWAY_PORT="80"
          export MCP_GATEWAY_DOMAIN="host.docker.internal"
          MCP_GATEWAY_API_KEY=$(openssl rand -base64 45 | tr -d '/+=')
          echo "::add-mask::${MCP_GATEWAY_API_KEY}"
          export MCP_GATEWAY_API_KEY
          export MCP_GATEWAY_PAYLOAD_DIR="/tmp/gh-aw/mcp-payloads"
          mkdir -p "${MCP_GATEWAY_PAYLOAD_DIR}"
          export DEBUG="*"
          
          export GH_AW_ENGINE="copilot"
          export MCP_GATEWAY_DOCKER_COMMAND='docker run -i --rm --network host -v /var/run/docker.sock:/var/run/docker.sock -e MCP_GATEWAY_PORT -e MCP_GATEWAY_DOMAIN -e MCP_GATEWAY_API_KEY -e MCP_GATEWAY_PAYLOAD_DIR -e DEBUG -e MCP_GATEWAY_LOG_DIR -e GH_AW_MCP_LOG_DIR -e GH_AW_SAFE_OUTPUTS -e GH_AW_SAFE_OUTPUTS_CONFIG_PATH -e GH_AW_SAFE_OUTPUTS_TOOLS_PATH -e GH_AW_ASSETS_BRANCH -e GH_AW_ASSETS_MAX_SIZE_KB -e GH_AW_ASSETS_ALLOWED_EXTS -e DEFAULT_BRANCH -e GITHUB_MCP_SERVER_TOKEN -e GITHUB_MCP_LOCKDOWN -e GITHUB_REPOSITORY -e GITHUB_SERVER_URL -e GITHUB_SHA -e GITHUB_WORKSPACE -e GITHUB_TOKEN -e GITHUB_RUN_ID -e GITHUB_RUN_NUMBER -e GITHUB_RUN_ATTEMPT -e GITHUB_JOB -e GITHUB_ACTION -e GITHUB_EVENT_NAME -e GITHUB_EVENT_PATH -e GITHUB_ACTOR -e GITHUB_ACTOR_ID -e GITHUB_TRIGGERING_ACTOR -e GITHUB_WORKFLOW -e GITHUB_WORKFLOW_REF -e GITHUB_WORKFLOW_SHA -e GITHUB_REF -e GITHUB_REF_NAME -e GITHUB_REF_TYPE -e GITHUB_HEAD_REF -e GITHUB_BASE_REF -v /tmp/gh-aw/mcp-payloads:/tmp/gh-aw/mcp-payloads:rw -v /opt:/opt:ro -v /tmp:/tmp:rw -v '"${GITHUB_WORKSPACE}"':'"${GITHUB_WORKSPACE}"':rw ghcr.io/github/gh-aw-mcpg:v0.1.4'
          
          mkdir -p /home/runner/.copilot
          cat << GH_AW_MCP_CONFIG_EOF | bash /opt/gh-aw/actions/start_mcp_gateway.sh
          {
            "mcpServers": {
              "agenticworkflows": {
                "type": "stdio",
                "container": "localhost/gh-aw:dev",
                "mounts": ["\${GITHUB_WORKSPACE}:\${GITHUB_WORKSPACE}:rw", "/tmp/gh-aw:/tmp/gh-aw:rw"],
                "args": ["--network", "host", "-w", "\${GITHUB_WORKSPACE}"],
                "env": {
                  "DEBUG": "*",
                  "GITHUB_TOKEN": "\${GITHUB_TOKEN}",
                  "GITHUB_ACTOR": "\${GITHUB_ACTOR}",
                  "GITHUB_REPOSITORY": "\${GITHUB_REPOSITORY}"
                }
              },
              "github": {
                "type": "stdio",
                "container": "ghcr.io/github/github-mcp-server:v0.30.3",
                "env": {
                  "GITHUB_LOCKDOWN_MODE": "$GITHUB_MCP_LOCKDOWN",
                  "GITHUB_PERSONAL_ACCESS_TOKEN": "\${GITHUB_MCP_SERVER_TOKEN}",
                  "GITHUB_READ_ONLY": "1",
                  "GITHUB_TOOLSETS": "context,repos,issues,pull_requests"
                }
              }
            },
            "gateway": {
              "port": $MCP_GATEWAY_PORT,
              "domain": "${MCP_GATEWAY_DOMAIN}",
              "apiKey": "${MCP_GATEWAY_API_KEY}",
              "payloadDir": "${MCP_GATEWAY_PAYLOAD_DIR}"
            }
          }
          GH_AW_MCP_CONFIG_EOF
      - name: Generate workflow overview
        uses: actions/github-script@ed597411d8f924073f98dfc5c65a23a2325f34cd # v8
        with:
          script: |
            const { generateWorkflowOverview } = require('/opt/gh-aw/actions/generate_workflow_overview.cjs');
            await generateWorkflowOverview(core);
      - name: Create prompt with built-in context
        env:
          GH_AW_PROMPT: /tmp/gh-aw/aw-prompts/prompt.txt
          GH_AW_GITHUB_ACTOR: ${{ github.actor }}
          GH_AW_GITHUB_EVENT_COMMENT_ID: ${{ github.event.comment.id }}
          GH_AW_GITHUB_EVENT_DISCUSSION_NUMBER: ${{ github.event.discussion.number }}
          GH_AW_GITHUB_EVENT_ISSUE_NUMBER: ${{ github.event.issue.number }}
          GH_AW_GITHUB_EVENT_PULL_REQUEST_NUMBER: ${{ github.event.pull_request.number }}
          GH_AW_GITHUB_REPOSITORY: ${{ github.repository }}
          GH_AW_GITHUB_RUN_ID: ${{ github.run_id }}
          GH_AW_GITHUB_WORKSPACE: ${{ github.workspace }}
        run: |
          bash /opt/gh-aw/actions/create_prompt_first.sh
          cat << 'GH_AW_PROMPT_EOF' > "$GH_AW_PROMPT"
          <system>
          GH_AW_PROMPT_EOF
          cat "/opt/gh-aw/prompts/xpia.md" >> "$GH_AW_PROMPT"
          cat "/opt/gh-aw/prompts/temp_folder_prompt.md" >> "$GH_AW_PROMPT"
          cat "/opt/gh-aw/prompts/markdown.md" >> "$GH_AW_PROMPT"
          cat << 'GH_AW_PROMPT_EOF' >> "$GH_AW_PROMPT"
          
          ---
          
          ## Repo Memory Available
          
          You have access to a persistent repo memory folder at `/tmp/gh-aw/repo-memory/default/` where you can read and write files that are stored in a git branch.
          
          - **Read/Write Access**: You can freely read from and write to any files in this folder
          - **Git Branch Storage**: Files are stored in the `memory/meta-orchestrators` branch of the current repository
          - **Automatic Push**: Changes are automatically committed and pushed after the workflow completes
          - **Merge Strategy**: In case of conflicts, your changes (current version) win
          - **Persistence**: Files persist across workflow runs via git branch storage
          - **Allowed File Types**: Only the following file extensions are allowed: `.json`, `.jsonl`, `.txt`, `.md`, `.csv`. Files with other extensions will be rejected during validation.
          
          **Constraints:**
          - **Allowed Files**: Only files matching patterns: metrics/**
          - **Max File Size**: 10240 bytes (0.01 MB) per file
          - **Max File Count**: 100 files per commit
          
          Examples of what you can store:
          - `/tmp/gh-aw/repo-memory/default/notes.md` - general notes and observations
          - `/tmp/gh-aw/repo-memory/default/notes.txt` - plain text notes
          - `/tmp/gh-aw/repo-memory/default/state.json` - structured state data
          - `/tmp/gh-aw/repo-memory/default/history.jsonl` - activity history in JSON Lines format
          - `/tmp/gh-aw/repo-memory/default/data.csv` - tabular data
          - `/tmp/gh-aw/repo-memory/default/history/` - organized history files in subdirectories (with allowed file types)
          
          Feel free to create, read, update, and organize files in this folder as needed for your tasks, using only the allowed file types.
          
          <github-context>
          The following GitHub context information is available for this workflow:
          {{#if __GH_AW_GITHUB_ACTOR__ }}
          - **actor**: __GH_AW_GITHUB_ACTOR__
          {{/if}}
          {{#if __GH_AW_GITHUB_REPOSITORY__ }}
          - **repository**: __GH_AW_GITHUB_REPOSITORY__
          {{/if}}
          {{#if __GH_AW_GITHUB_WORKSPACE__ }}
          - **workspace**: __GH_AW_GITHUB_WORKSPACE__
          {{/if}}
          {{#if __GH_AW_GITHUB_EVENT_ISSUE_NUMBER__ }}
          - **issue-number**: #__GH_AW_GITHUB_EVENT_ISSUE_NUMBER__
          {{/if}}
          {{#if __GH_AW_GITHUB_EVENT_DISCUSSION_NUMBER__ }}
          - **discussion-number**: #__GH_AW_GITHUB_EVENT_DISCUSSION_NUMBER__
          {{/if}}
          {{#if __GH_AW_GITHUB_EVENT_PULL_REQUEST_NUMBER__ }}
          - **pull-request-number**: #__GH_AW_GITHUB_EVENT_PULL_REQUEST_NUMBER__
          {{/if}}
          {{#if __GH_AW_GITHUB_EVENT_COMMENT_ID__ }}
          - **comment-id**: __GH_AW_GITHUB_EVENT_COMMENT_ID__
          {{/if}}
          {{#if __GH_AW_GITHUB_RUN_ID__ }}
          - **workflow-run-id**: __GH_AW_GITHUB_RUN_ID__
          {{/if}}
          </github-context>
          
          GH_AW_PROMPT_EOF
          cat << 'GH_AW_PROMPT_EOF' >> "$GH_AW_PROMPT"
          </system>
          GH_AW_PROMPT_EOF
          cat << 'GH_AW_PROMPT_EOF' >> "$GH_AW_PROMPT"
          {{#runtime-import .github/workflows/shared/mood.md}}
          GH_AW_PROMPT_EOF
          cat << 'GH_AW_PROMPT_EOF' >> "$GH_AW_PROMPT"
          {{#runtime-import .github/workflows/metrics-collector.md}}
          GH_AW_PROMPT_EOF
      - name: Substitute placeholders
        uses: actions/github-script@ed597411d8f924073f98dfc5c65a23a2325f34cd # v8
        env:
          GH_AW_PROMPT: /tmp/gh-aw/aw-prompts/prompt.txt
          GH_AW_GITHUB_ACTOR: ${{ github.actor }}
          GH_AW_GITHUB_EVENT_COMMENT_ID: ${{ github.event.comment.id }}
          GH_AW_GITHUB_EVENT_DISCUSSION_NUMBER: ${{ github.event.discussion.number }}
          GH_AW_GITHUB_EVENT_ISSUE_NUMBER: ${{ github.event.issue.number }}
          GH_AW_GITHUB_EVENT_PULL_REQUEST_NUMBER: ${{ github.event.pull_request.number }}
          GH_AW_GITHUB_REPOSITORY: ${{ github.repository }}
          GH_AW_GITHUB_RUN_ID: ${{ github.run_id }}
          GH_AW_GITHUB_WORKSPACE: ${{ github.workspace }}
        with:
          script: |
            const substitutePlaceholders = require('/opt/gh-aw/actions/substitute_placeholders.cjs');
            
            // Call the substitution function
            return await substitutePlaceholders({
              file: process.env.GH_AW_PROMPT,
              substitutions: {
                GH_AW_GITHUB_ACTOR: process.env.GH_AW_GITHUB_ACTOR,
                GH_AW_GITHUB_EVENT_COMMENT_ID: process.env.GH_AW_GITHUB_EVENT_COMMENT_ID,
                GH_AW_GITHUB_EVENT_DISCUSSION_NUMBER: process.env.GH_AW_GITHUB_EVENT_DISCUSSION_NUMBER,
                GH_AW_GITHUB_EVENT_ISSUE_NUMBER: process.env.GH_AW_GITHUB_EVENT_ISSUE_NUMBER,
                GH_AW_GITHUB_EVENT_PULL_REQUEST_NUMBER: process.env.GH_AW_GITHUB_EVENT_PULL_REQUEST_NUMBER,
                GH_AW_GITHUB_REPOSITORY: process.env.GH_AW_GITHUB_REPOSITORY,
                GH_AW_GITHUB_RUN_ID: process.env.GH_AW_GITHUB_RUN_ID,
                GH_AW_GITHUB_WORKSPACE: process.env.GH_AW_GITHUB_WORKSPACE
              }
            });
      - name: Interpolate variables and render templates
        uses: actions/github-script@ed597411d8f924073f98dfc5c65a23a2325f34cd # v8
        env:
          GH_AW_PROMPT: /tmp/gh-aw/aw-prompts/prompt.txt
          GH_AW_GITHUB_REPOSITORY: ${{ github.repository }}
        with:
          script: |
            const { setupGlobals } = require('/opt/gh-aw/actions/setup_globals.cjs');
            setupGlobals(core, github, context, exec, io);
            const { main } = require('/opt/gh-aw/actions/interpolate_prompt.cjs');
            await main();
      - name: Validate prompt placeholders
        env:
          GH_AW_PROMPT: /tmp/gh-aw/aw-prompts/prompt.txt
        run: bash /opt/gh-aw/actions/validate_prompt_placeholders.sh
      - name: Print prompt
        env:
          GH_AW_PROMPT: /tmp/gh-aw/aw-prompts/prompt.txt
        run: bash /opt/gh-aw/actions/print_prompt_summary.sh
      - name: Clean git credentials
        run: bash /opt/gh-aw/actions/clean_git_credentials.sh
      - name: Execute GitHub Copilot CLI
        id: agentic_execution
        # Copilot CLI tool arguments (sorted):
        timeout-minutes: 15
        run: |
          set -o pipefail
          sudo -E awf --env-all --container-workdir "${GITHUB_WORKSPACE}" --allow-domains api.business.githubcopilot.com,api.enterprise.githubcopilot.com,api.github.com,api.githubcopilot.com,api.individual.githubcopilot.com,api.snapcraft.io,archive.ubuntu.com,azure.archive.ubuntu.com,crl.geotrust.com,crl.globalsign.com,crl.identrust.com,crl.sectigo.com,crl.thawte.com,crl.usertrust.com,crl.verisign.com,crl3.digicert.com,crl4.digicert.com,crls.ssl.com,github.com,host.docker.internal,json-schema.org,json.schemastore.org,keyserver.ubuntu.com,ocsp.digicert.com,ocsp.geotrust.com,ocsp.globalsign.com,ocsp.identrust.com,ocsp.sectigo.com,ocsp.ssl.com,ocsp.thawte.com,ocsp.usertrust.com,ocsp.verisign.com,packagecloud.io,packages.cloud.google.com,packages.microsoft.com,ppa.launchpad.net,raw.githubusercontent.com,registry.npmjs.org,s.symcb.com,s.symcd.com,security.ubuntu.com,telemetry.enterprise.githubcopilot.com,ts-crl.ws.symantec.com,ts-ocsp.ws.symantec.com --log-level info --proxy-logs-dir /tmp/gh-aw/sandbox/firewall/logs --enable-host-access --image-tag 0.17.0 --skip-pull \
            -- '/usr/local/bin/copilot --add-dir /tmp/gh-aw/ --log-level all --log-dir /tmp/gh-aw/sandbox/agent/logs/ --add-dir "${GITHUB_WORKSPACE}" --disable-builtin-mcps --allow-all-tools --allow-all-paths --share /tmp/gh-aw/sandbox/agent/logs/conversation.md --prompt "$(cat /tmp/gh-aw/aw-prompts/prompt.txt)"${GH_AW_MODEL_DETECTION_COPILOT:+ --model "$GH_AW_MODEL_DETECTION_COPILOT"}' \
            2>&1 | tee /tmp/gh-aw/agent-stdio.log
        env:
          COPILOT_AGENT_RUNNER_TYPE: STANDALONE
          COPILOT_GITHUB_TOKEN: ${{ secrets.COPILOT_GITHUB_TOKEN }}
          GH_AW_MCP_CONFIG: /home/runner/.copilot/mcp-config.json
          GH_AW_MODEL_DETECTION_COPILOT: ${{ vars.GH_AW_MODEL_DETECTION_COPILOT || '' }}
          GH_AW_PROMPT: /tmp/gh-aw/aw-prompts/prompt.txt
          GITHUB_HEAD_REF: ${{ github.head_ref }}
          GITHUB_REF_NAME: ${{ github.ref_name }}
          GITHUB_STEP_SUMMARY: ${{ env.GITHUB_STEP_SUMMARY }}
          GITHUB_WORKSPACE: ${{ github.workspace }}
          XDG_CONFIG_HOME: /home/runner
      - name: Configure Git credentials
        env:
          REPO_NAME: ${{ github.repository }}
          SERVER_URL: ${{ github.server_url }}
        run: |
          git config --global user.email "github-actions[bot]@users.noreply.github.com"
          git config --global user.name "github-actions[bot]"
          # Re-authenticate git with GitHub token
          SERVER_URL_STRIPPED="${SERVER_URL#https://}"
          git remote set-url origin "https://x-access-token:${{ github.token }}@${SERVER_URL_STRIPPED}/${REPO_NAME}.git"
          echo "Git configured with standard GitHub Actions identity"
      - name: Copy Copilot session state files to logs
        if: always()
        continue-on-error: true
        run: |
          # Copy Copilot session state files to logs folder for artifact collection
          # This ensures they are in /tmp/gh-aw/ where secret redaction can scan them
          SESSION_STATE_DIR="$HOME/.copilot/session-state"
          LOGS_DIR="/tmp/gh-aw/sandbox/agent/logs"
          
          if [ -d "$SESSION_STATE_DIR" ]; then
            echo "Copying Copilot session state files from $SESSION_STATE_DIR to $LOGS_DIR"
            mkdir -p "$LOGS_DIR"
            cp -v "$SESSION_STATE_DIR"/*.jsonl "$LOGS_DIR/" 2>/dev/null || true
            echo "Session state files copied successfully"
          else
            echo "No session-state directory found at $SESSION_STATE_DIR"
          fi
      - name: Stop MCP gateway
        if: always()
        continue-on-error: true
        env:
          MCP_GATEWAY_PORT: ${{ steps.start-mcp-gateway.outputs.gateway-port }}
          MCP_GATEWAY_API_KEY: ${{ steps.start-mcp-gateway.outputs.gateway-api-key }}
          GATEWAY_PID: ${{ steps.start-mcp-gateway.outputs.gateway-pid }}
        run: |
          bash /opt/gh-aw/actions/stop_mcp_gateway.sh "$GATEWAY_PID"
      - name: Redact secrets in logs
        if: always()
        uses: actions/github-script@ed597411d8f924073f98dfc5c65a23a2325f34cd # v8
        with:
          script: |
            const { setupGlobals } = require('/opt/gh-aw/actions/setup_globals.cjs');
            setupGlobals(core, github, context, exec, io);
            const { main } = require('/opt/gh-aw/actions/redact_secrets.cjs');
            await main();
        env:
          GH_AW_SECRET_NAMES: 'COPILOT_GITHUB_TOKEN,GH_AW_GITHUB_MCP_SERVER_TOKEN,GH_AW_GITHUB_TOKEN,GITHUB_TOKEN'
          SECRET_COPILOT_GITHUB_TOKEN: ${{ secrets.COPILOT_GITHUB_TOKEN }}
          SECRET_GH_AW_GITHUB_MCP_SERVER_TOKEN: ${{ secrets.GH_AW_GITHUB_MCP_SERVER_TOKEN }}
          SECRET_GH_AW_GITHUB_TOKEN: ${{ secrets.GH_AW_GITHUB_TOKEN }}
          SECRET_GITHUB_TOKEN: ${{ secrets.GITHUB_TOKEN }}
      - name: Upload engine output files
        uses: actions/upload-artifact@b7c566a772e6b6bfb58ed0dc250532a479d7789f # v6.0.0
        with:
          name: agent_outputs
          path: |
            /tmp/gh-aw/sandbox/agent/logs/
            /tmp/gh-aw/redacted-urls.log
          if-no-files-found: ignore
      - name: Parse agent logs for step summary
        if: always()
        uses: actions/github-script@ed597411d8f924073f98dfc5c65a23a2325f34cd # v8
        env:
          GH_AW_AGENT_OUTPUT: /tmp/gh-aw/sandbox/agent/logs/
        with:
          script: |
            const { setupGlobals } = require('/opt/gh-aw/actions/setup_globals.cjs');
            setupGlobals(core, github, context, exec, io);
            const { main } = require('/opt/gh-aw/actions/parse_copilot_log.cjs');
            await main();
      - name: Parse MCP gateway logs for step summary
        if: always()
        uses: actions/github-script@ed597411d8f924073f98dfc5c65a23a2325f34cd # v8
        with:
          script: |
            const { setupGlobals } = require('/opt/gh-aw/actions/setup_globals.cjs');
            setupGlobals(core, github, context, exec, io);
            const { main } = require('/opt/gh-aw/actions/parse_mcp_gateway_log.cjs');
            await main();
      - name: Print firewall logs
        if: always()
        continue-on-error: true
        env:
          AWF_LOGS_DIR: /tmp/gh-aw/sandbox/firewall/logs
        run: |
          # Fix permissions on firewall logs so they can be uploaded as artifacts
          # AWF runs with sudo, creating files owned by root
          sudo chmod -R a+r /tmp/gh-aw/sandbox/firewall/logs 2>/dev/null || true
          awf logs summary | tee -a "$GITHUB_STEP_SUMMARY"
      # Upload repo memory as artifacts for push job
      - name: Upload repo-memory artifact (default)
        if: always()
        uses: actions/upload-artifact@b7c566a772e6b6bfb58ed0dc250532a479d7789f # v6.0.0
        with:
          name: repo-memory-default
          path: /tmp/gh-aw/repo-memory/default
          retention-days: 1
          if-no-files-found: ignore
      - name: Upload agent artifacts
        if: always()
        continue-on-error: true
        uses: actions/upload-artifact@b7c566a772e6b6bfb58ed0dc250532a479d7789f # v6.0.0
        with:
          name: agent-artifacts
          path: |
            /tmp/gh-aw/aw-prompts/prompt.txt
            /tmp/gh-aw/aw_info.json
            /tmp/gh-aw/mcp-logs/
            /tmp/gh-aw/sandbox/firewall/logs/
            /tmp/gh-aw/agent-stdio.log
            /tmp/gh-aw/agent/
          if-no-files-found: ignore

  pre_activation:
    runs-on: ubuntu-slim
    permissions:
      contents: read
    outputs:
      activated: ${{ steps.check_membership.outputs.is_team_member == 'true' }}
    steps:
      - name: Checkout actions folder
        uses: actions/checkout@de0fac2e4500dabe0009e67214ff5f5447ce83dd # v6.0.2
        with:
          sparse-checkout: |
            actions
          persist-credentials: false
      - name: Setup Scripts
        uses: ./actions/setup
        with:
          destination: /opt/gh-aw/actions
      - name: Check team membership for workflow
        id: check_membership
        uses: actions/github-script@ed597411d8f924073f98dfc5c65a23a2325f34cd # v8
        env:
          GH_AW_REQUIRED_ROLES: admin,maintainer,write
        with:
          github-token: ${{ secrets.GITHUB_TOKEN }}
          script: |
            const { setupGlobals } = require('/opt/gh-aw/actions/setup_globals.cjs');
            setupGlobals(core, github, context, exec, io);
            const { main } = require('/opt/gh-aw/actions/check_membership.cjs');
            await main();

  push_repo_memory:
    needs: agent
    if: always()
    runs-on: ubuntu-latest
    permissions:
      contents: write
    outputs:
      validation_error_default: ${{ steps.push_repo_memory_default.outputs.validation_error }}
      validation_failed_default: ${{ steps.push_repo_memory_default.outputs.validation_failed }}
    steps:
      - name: Checkout actions folder
        uses: actions/checkout@de0fac2e4500dabe0009e67214ff5f5447ce83dd # v6.0.2
        with:
          sparse-checkout: |
            actions
          persist-credentials: false
      - name: Setup Scripts
        uses: ./actions/setup
        with:
          destination: /opt/gh-aw/actions
      - name: Checkout repository
        uses: actions/checkout@de0fac2e4500dabe0009e67214ff5f5447ce83dd # v6.0.2
        with:
          persist-credentials: false
          sparse-checkout: .
      - name: Configure Git credentials
        env:
          REPO_NAME: ${{ github.repository }}
          SERVER_URL: ${{ github.server_url }}
        run: |
          git config --global user.email "github-actions[bot]@users.noreply.github.com"
          git config --global user.name "github-actions[bot]"
          # Re-authenticate git with GitHub token
          SERVER_URL_STRIPPED="${SERVER_URL#https://}"
          git remote set-url origin "https://x-access-token:${{ github.token }}@${SERVER_URL_STRIPPED}/${REPO_NAME}.git"
          echo "Git configured with standard GitHub Actions identity"
      - name: Download repo-memory artifact (default)
        uses: actions/download-artifact@018cc2cf5baa6db3ef3c5f8a56943fffe632ef53 # v6.0.0
        continue-on-error: true
        with:
          name: repo-memory-default
          path: /tmp/gh-aw/repo-memory/default
      - name: Push repo-memory changes (default)
        id: push_repo_memory_default
        if: always()
        uses: actions/github-script@ed597411d8f924073f98dfc5c65a23a2325f34cd # v8
        env:
          GH_TOKEN: ${{ github.token }}
          GITHUB_RUN_ID: ${{ github.run_id }}
          ARTIFACT_DIR: /tmp/gh-aw/repo-memory/default
          MEMORY_ID: default
          TARGET_REPO: ${{ github.repository }}
          BRANCH_NAME: memory/meta-orchestrators
          MAX_FILE_SIZE: 10240
          MAX_FILE_COUNT: 100
          ALLOWED_EXTENSIONS: '[]'
          FILE_GLOB_FILTER: "metrics/**"
        with:
          script: |
            const { setupGlobals } = require('/opt/gh-aw/actions/setup_globals.cjs');
            setupGlobals(core, github, context, exec, io);
            const { main } = require('/opt/gh-aw/actions/push_repo_memory.cjs');
            await main();

